
Microsoft Visual Studio Solution File, Format Version 12.00
# Visual Studio Version 16
VisualStudioVersion = 16.0.30204.135
MinimumVisualStudioVersion = 10.0.40219.1
Project("{9A19103F-16F7-4668-BE54-9A1E7A4F7556}") = "DprintPluginRoslyn", "DprintPluginRoslyn.csproj", "{BF479150-5FBD-43A1-A332-EB5468E28935}"
EndProject
Project("{FAE04EC0-301F-11D3-BF4B-00C04F79EFBC}") = "DprintPluginRoslyn.Tests", "..\dprint-plugin-csharp-roslyn\DprintPluginRoslyn.Tests\DprintPluginRoslyn.Tests.csproj", "{6CE57CD2-3E7B-494D-8221-9918BD1A9829}"
EndProject
Global
	GlobalSection(SolutionConfigurationPlatforms) = preSolution
		Debug|Any CPU = Debug|Any CPU
		Release|Any CPU = Release|Any CPU
	EndGlobalSection
	GlobalSection(ProjectConfigurationPlatforms) = postSolution
		{BF479150-5FBD-43A1-A332-EB5468E28935}.Debug|Any CPU.ActiveCfg = Debug|Any CPU
		{BF479150-5FBD-43A1-A332-EB5468E28935}.Debug|Any CPU.Build.0 = Debug|Any CPU
		{BF479150-5FBD-43A1-A332-EB5468E28935}.Release|Any CPU.ActiveCfg = Release|Any CPU
		{BF479150-5FBD-43A1-A332-EB5468E28935}.Release|Any CPU.Build.0 = Release|Any CPU
		{6CE57CD2-3E7B-494D-8221-9918BD1A9829}.Debug|Any CPU.ActiveCfg = Debug|Any CPU
		{6CE57CD2-3E7B-494D-8221-9918BD1A9829}.Debug|Any CPU.Build.0 = Debug|Any CPU
		{6CE57CD2-3E7B-494D-8221-9918BD1A9829}.Release|Any CPU.ActiveCfg = Release|Any CPU
		{6CE57CD2-3E7B-494D-8221-9918BD1A9829}.Release|Any CPU.Build.0 = Release|Any CPU
	EndGlobalSection
	GlobalSection(SolutionProperties) = preSolution
		HideSolutionNode = FALSE
	EndGlobalSection
	GlobalSection(ExtensibilityGlobals) = postSolution
		SolutionGuid = {8698AC1B-3D80-4285-A88D-AD834DEE16CC}
	EndGlobalSection
EndGlobal
